
Microsoft Visual Studio Solution File, Format Version 12.00
# Visual Studio Version 16
VisualStudioVersion = 16.0.28803.202
MinimumVisualStudioVersion = 10.0.40219.1
Project("{FAE04EC0-301F-11D3-BF4B-00C04F79EFBC}") = "Macabre2D.Tests", "Tests\Macabre2D.Tests.csproj", "{B9BACBD8-E99B-431C-8596-591F54385D9C}"
EndProject
Project("{FAE04EC0-301F-11D3-BF4B-00C04F79EFBC}") = "Macabre2D.Examples.RenderingTest", "Examples\RenderingTest\Macabre2D.Examples.RenderingTest.csproj", "{9C406901-AF7F-4E65-8C24-231ED29FBF1E}"
EndProject
Project("{2150E333-8FDC-42A3-9474-1A3956D46DE8}") = "Examples", "Examples", "{217190B4-0A19-4B85-8131-2EF3984BA669}"
EndProject
Project("{FAE04EC0-301F-11D3-BF4B-00C04F79EFBC}") = "Macabre2D.Examples.AudioTest", "Examples\AudioTest\Macabre2D.Examples.AudioTest.csproj", "{C4FCBD59-517D-4CB1-8260-D1587D13AC3D}"
EndProject
Project("{FAE04EC0-301F-11D3-BF4B-00C04F79EFBC}") = "Macabre2D.Examples.PhysicsTest", "Examples\PhysicsTest\Macabre2D.Examples.PhysicsTest.csproj", "{7DA350E5-5713-443F-A9D6-61A45600D8A5}"
EndProject
Project("{FAE04EC0-301F-11D3-BF4B-00C04F79EFBC}") = "Macabre2D.Framework", "Framework\Macabre2D.Framework.csproj", "{D5B27B29-00A8-40A7-9911-46C84EBC7F37}"
EndProject
Project("{2150E333-8FDC-42A3-9474-1A3956D46DE8}") = "Tests", "Tests", "{F532F9FC-653B-4C76-A74B-0C6980A24635}"
EndProject
Project("{2150E333-8FDC-42A3-9474-1A3956D46DE8}") = "UI", "UI", "{99C697D2-CC6C-4232-8AB9-5059BFBC7579}"
EndProject
Project("{FAE04EC0-301F-11D3-BF4B-00C04F79EFBC}") = "Macabre2D.UI.Editor", "UI\Editor\Macabre2D.UI.Editor.csproj", "{C8E5C1A1-48B7-4CE9-BB70-1BF2781E2EE6}"
EndProject
Project("{FAE04EC0-301F-11D3-BF4B-00C04F79EFBC}") = "Macabre2D.UI.Models", "UI\Models\Macabre2D.UI.Models.csproj", "{69CA3091-F9D2-4926-B115-8A8794DB9F9A}"
EndProject
Project("{FAE04EC0-301F-11D3-BF4B-00C04F79EFBC}") = "Macabre2D.UI.Views", "UI\Views\Macabre2D.UI.Views.csproj", "{6D20CF17-A502-4A3C-B1CD-73345D3A7147}"
EndProject
Project("{FAE04EC0-301F-11D3-BF4B-00C04F79EFBC}") = "Macabre2D.UI.ViewModels", "UI\ViewModels\Macabre2D.UI.ViewModels.csproj", "{5E957C22-AF54-4AE7-BB29-E6C0EE05B348}"
EndProject
Project("{FAE04EC0-301F-11D3-BF4B-00C04F79EFBC}") = "Macabre2D.UI.Resources", "UI\Resources\Macabre2D.UI.Resources.csproj", "{310D54CB-E336-4F67-B39E-0D4EA4E9D2FA}"
EndProject
Project("{FAE04EC0-301F-11D3-BF4B-00C04F79EFBC}") = "Macabre2D.UI.Services", "UI\Services\Macabre2D.UI.Services.csproj", "{1571ED27-BBDE-4B17-B80B-0DA350770AC7}"
EndProject
Project("{FAE04EC0-301F-11D3-BF4B-00C04F79EFBC}") = "Macabre2D.UI.ServiceInterfaces", "UI\ServiceInterfaces\Macabre2D.UI.ServiceInterfaces.csproj", "{8F652395-AB15-4EBE-B73C-8FCD8B8A9646}"
EndProject
Project("{FAE04EC0-301F-11D3-BF4B-00C04F79EFBC}") = "Macabre2D.UI.Common", "UI\Common\Macabre2D.UI.Common.csproj", "{4E44CDC9-54CC-41C7-ABEC-00EAEAAB623A}"
EndProject
Project("{FAE04EC0-301F-11D3-BF4B-00C04F79EFBC}") = "Macabre2D.UI.Converters", "UI\Converters\Macabre2D.UI.Converters.csproj", "{00D0CD0D-D674-483F-AE92-E9B27E7FB6F9}"
EndProject
Project("{2150E333-8FDC-42A3-9474-1A3956D46DE8}") = "Solution Items", "Solution Items", "{E0EE4DB8-990E-4017-A424-E1C0EB560BEB}"
	ProjectSection(SolutionItems) = preProject
		CHANGELOG.md = CHANGELOG.md
		CommonAssemblyInfo.cs = CommonAssemblyInfo.cs
		README.md = README.md
	EndProjectSection
EndProject
Project("{FAE04EC0-301F-11D3-BF4B-00C04F79EFBC}") = "Macabre2D.UI.Controls", "UI\Controls\Macabre2D.UI.Controls.csproj", "{07B8E881-70A6-4AA2-B342-6E0B80326F6A}"
EndProject
Project("{2150E333-8FDC-42A3-9474-1A3956D46DE8}") = "Project", "Project", "{B727E6A0-4AEF-42D9-9DAA-81A7AB782ED0}"
EndProject
Project("{FAE04EC0-301F-11D3-BF4B-00C04F79EFBC}") = "Macabre2D.Project.Gameplay", "Project\Gameplay\Macabre2D.Project.Gameplay.csproj", "{CE39DFB1-2C80-452F-A799-ABC878773B1D}"
EndProject
Project("{FAE04EC0-301F-11D3-BF4B-00C04F79EFBC}") = "Macabre2D.Project.DesktopGL", "Project\DesktopGL\Macabre2D.Project.DesktopGL.csproj", "{08D56345-4689-4DB3-9BCD-33D7F7AEDA1B}"
EndProject
Project("{FAE04EC0-301F-11D3-BF4B-00C04F79EFBC}") = "Macabre2D.UI.Tests", "UI\Tests\Macabre2D.UI.Tests.csproj", "{B4EB0056-BF94-4017-BD15-1A02C7319923}"
EndProject
Global
	GlobalSection(SolutionConfigurationPlatforms) = preSolution
		Debug|Any CPU = Debug|Any CPU
		Debug|x64 = Debug|x64
		Release|Any CPU = Release|Any CPU
		Release|x64 = Release|x64
	EndGlobalSection
	GlobalSection(ProjectConfigurationPlatforms) = postSolution
		{B9BACBD8-E99B-431C-8596-591F54385D9C}.Debug|Any CPU.ActiveCfg = Debug|Any CPU
		{B9BACBD8-E99B-431C-8596-591F54385D9C}.Debug|Any CPU.Build.0 = Debug|Any CPU
		{B9BACBD8-E99B-431C-8596-591F54385D9C}.Debug|x64.ActiveCfg = Debug|x64
		{B9BACBD8-E99B-431C-8596-591F54385D9C}.Debug|x64.Build.0 = Debug|x64
		{B9BACBD8-E99B-431C-8596-591F54385D9C}.Release|Any CPU.ActiveCfg = Release|Any CPU
		{B9BACBD8-E99B-431C-8596-591F54385D9C}.Release|x64.ActiveCfg = Release|x64
		{B9BACBD8-E99B-431C-8596-591F54385D9C}.Release|x64.Build.0 = Release|x64
		{9C406901-AF7F-4E65-8C24-231ED29FBF1E}.Debug|Any CPU.ActiveCfg = Debug|Any CPU
		{9C406901-AF7F-4E65-8C24-231ED29FBF1E}.Debug|Any CPU.Build.0 = Debug|Any CPU
		{9C406901-AF7F-4E65-8C24-231ED29FBF1E}.Debug|x64.ActiveCfg = Debug|x64
		{9C406901-AF7F-4E65-8C24-231ED29FBF1E}.Debug|x64.Build.0 = Debug|x64
		{9C406901-AF7F-4E65-8C24-231ED29FBF1E}.Release|Any CPU.ActiveCfg = Release|Any CPU
		{9C406901-AF7F-4E65-8C24-231ED29FBF1E}.Release|x64.ActiveCfg = Release|x64
		{9C406901-AF7F-4E65-8C24-231ED29FBF1E}.Release|x64.Build.0 = Release|x64
		{C4FCBD59-517D-4CB1-8260-D1587D13AC3D}.Debug|Any CPU.ActiveCfg = Debug|Any CPU
		{C4FCBD59-517D-4CB1-8260-D1587D13AC3D}.Debug|Any CPU.Build.0 = Debug|Any CPU
		{C4FCBD59-517D-4CB1-8260-D1587D13AC3D}.Debug|x64.ActiveCfg = Debug|x64
		{C4FCBD59-517D-4CB1-8260-D1587D13AC3D}.Debug|x64.Build.0 = Debug|x64
		{C4FCBD59-517D-4CB1-8260-D1587D13AC3D}.Release|Any CPU.ActiveCfg = Release|Any CPU
		{C4FCBD59-517D-4CB1-8260-D1587D13AC3D}.Release|x64.ActiveCfg = Release|x64
		{C4FCBD59-517D-4CB1-8260-D1587D13AC3D}.Release|x64.Build.0 = Release|x64
		{7DA350E5-5713-443F-A9D6-61A45600D8A5}.Debug|Any CPU.ActiveCfg = Debug|Any CPU
		{7DA350E5-5713-443F-A9D6-61A45600D8A5}.Debug|Any CPU.Build.0 = Debug|Any CPU
		{7DA350E5-5713-443F-A9D6-61A45600D8A5}.Debug|x64.ActiveCfg = Debug|x64
		{7DA350E5-5713-443F-A9D6-61A45600D8A5}.Debug|x64.Build.0 = Debug|x64
		{7DA350E5-5713-443F-A9D6-61A45600D8A5}.Release|Any CPU.ActiveCfg = Release|Any CPU
		{7DA350E5-5713-443F-A9D6-61A45600D8A5}.Release|x64.ActiveCfg = Release|x64
		{7DA350E5-5713-443F-A9D6-61A45600D8A5}.Release|x64.Build.0 = Release|x64
		{D5B27B29-00A8-40A7-9911-46C84EBC7F37}.Debug|Any CPU.ActiveCfg = Debug|Any CPU
		{D5B27B29-00A8-40A7-9911-46C84EBC7F37}.Debug|Any CPU.Build.0 = Debug|Any CPU
		{D5B27B29-00A8-40A7-9911-46C84EBC7F37}.Debug|x64.ActiveCfg = Debug|x64
		{D5B27B29-00A8-40A7-9911-46C84EBC7F37}.Debug|x64.Build.0 = Debug|x64
		{D5B27B29-00A8-40A7-9911-46C84EBC7F37}.Release|Any CPU.ActiveCfg = Release|Any CPU
		{D5B27B29-00A8-40A7-9911-46C84EBC7F37}.Release|Any CPU.Build.0 = Release|Any CPU
		{D5B27B29-00A8-40A7-9911-46C84EBC7F37}.Release|x64.ActiveCfg = Release|x64
		{D5B27B29-00A8-40A7-9911-46C84EBC7F37}.Release|x64.Build.0 = Release|x64
		{C8E5C1A1-48B7-4CE9-BB70-1BF2781E2EE6}.Debug|Any CPU.ActiveCfg = Debug|x64
		{C8E5C1A1-48B7-4CE9-BB70-1BF2781E2EE6}.Debug|Any CPU.Build.0 = Debug|x64
		{C8E5C1A1-48B7-4CE9-BB70-1BF2781E2EE6}.Debug|x64.ActiveCfg = Debug|x64
		{C8E5C1A1-48B7-4CE9-BB70-1BF2781E2EE6}.Debug|x64.Build.0 = Debug|x64
		{C8E5C1A1-48B7-4CE9-BB70-1BF2781E2EE6}.Release|Any CPU.ActiveCfg = Release|x64
		{C8E5C1A1-48B7-4CE9-BB70-1BF2781E2EE6}.Release|Any CPU.Build.0 = Release|x64
		{C8E5C1A1-48B7-4CE9-BB70-1BF2781E2EE6}.Release|x64.ActiveCfg = Release|x64
		{C8E5C1A1-48B7-4CE9-BB70-1BF2781E2EE6}.Release|x64.Build.0 = Release|x64
		{69CA3091-F9D2-4926-B115-8A8794DB9F9A}.Debug|Any CPU.ActiveCfg = Debug|Any CPU
		{69CA3091-F9D2-4926-B115-8A8794DB9F9A}.Debug|Any CPU.Build.0 = Debug|Any CPU
		{69CA3091-F9D2-4926-B115-8A8794DB9F9A}.Debug|x64.ActiveCfg = Debug|x64
		{69CA3091-F9D2-4926-B115-8A8794DB9F9A}.Debug|x64.Build.0 = Debug|x64
		{69CA3091-F9D2-4926-B115-8A8794DB9F9A}.Release|Any CPU.ActiveCfg = Release|Any CPU
		{69CA3091-F9D2-4926-B115-8A8794DB9F9A}.Release|Any CPU.Build.0 = Release|Any CPU
		{69CA3091-F9D2-4926-B115-8A8794DB9F9A}.Release|x64.ActiveCfg = Release|x64
		{69CA3091-F9D2-4926-B115-8A8794DB9F9A}.Release|x64.Build.0 = Release|x64
		{6D20CF17-A502-4A3C-B1CD-73345D3A7147}.Debug|Any CPU.ActiveCfg = Debug|Any CPU
		{6D20CF17-A502-4A3C-B1CD-73345D3A7147}.Debug|Any CPU.Build.0 = Debug|Any CPU
		{6D20CF17-A502-4A3C-B1CD-73345D3A7147}.Debug|x64.ActiveCfg = Debug|x64
		{6D20CF17-A502-4A3C-B1CD-73345D3A7147}.Debug|x64.Build.0 = Debug|x64
		{6D20CF17-A502-4A3C-B1CD-73345D3A7147}.Release|Any CPU.ActiveCfg = Release|Any CPU
		{6D20CF17-A502-4A3C-B1CD-73345D3A7147}.Release|Any CPU.Build.0 = Release|Any CPU
		{6D20CF17-A502-4A3C-B1CD-73345D3A7147}.Release|x64.ActiveCfg = Release|x64
		{6D20CF17-A502-4A3C-B1CD-73345D3A7147}.Release|x64.Build.0 = Release|x64
		{5E957C22-AF54-4AE7-BB29-E6C0EE05B348}.Debug|Any CPU.ActiveCfg = Debug|Any CPU
		{5E957C22-AF54-4AE7-BB29-E6C0EE05B348}.Debug|Any CPU.Build.0 = Debug|Any CPU
		{5E957C22-AF54-4AE7-BB29-E6C0EE05B348}.Debug|x64.ActiveCfg = Debug|x64
		{5E957C22-AF54-4AE7-BB29-E6C0EE05B348}.Debug|x64.Build.0 = Debug|x64
		{5E957C22-AF54-4AE7-BB29-E6C0EE05B348}.Release|Any CPU.ActiveCfg = Release|Any CPU
		{5E957C22-AF54-4AE7-BB29-E6C0EE05B348}.Release|Any CPU.Build.0 = Release|Any CPU
		{5E957C22-AF54-4AE7-BB29-E6C0EE05B348}.Release|x64.ActiveCfg = Release|x64
		{5E957C22-AF54-4AE7-BB29-E6C0EE05B348}.Release|x64.Build.0 = Release|x64
		{310D54CB-E336-4F67-B39E-0D4EA4E9D2FA}.Debug|Any CPU.ActiveCfg = Debug|Any CPU
		{310D54CB-E336-4F67-B39E-0D4EA4E9D2FA}.Debug|Any CPU.Build.0 = Debug|Any CPU
		{310D54CB-E336-4F67-B39E-0D4EA4E9D2FA}.Debug|x64.ActiveCfg = Debug|x64
		{310D54CB-E336-4F67-B39E-0D4EA4E9D2FA}.Debug|x64.Build.0 = Debug|x64
		{310D54CB-E336-4F67-B39E-0D4EA4E9D2FA}.Release|Any CPU.ActiveCfg = Release|Any CPU
		{310D54CB-E336-4F67-B39E-0D4EA4E9D2FA}.Release|Any CPU.Build.0 = Release|Any CPU
		{310D54CB-E336-4F67-B39E-0D4EA4E9D2FA}.Release|x64.ActiveCfg = Release|x64
		{310D54CB-E336-4F67-B39E-0D4EA4E9D2FA}.Release|x64.Build.0 = Release|x64
		{1571ED27-BBDE-4B17-B80B-0DA350770AC7}.Debug|Any CPU.ActiveCfg = Debug|Any CPU
		{1571ED27-BBDE-4B17-B80B-0DA350770AC7}.Debug|Any CPU.Build.0 = Debug|Any CPU
		{1571ED27-BBDE-4B17-B80B-0DA350770AC7}.Debug|x64.ActiveCfg = Debug|x64
		{1571ED27-BBDE-4B17-B80B-0DA350770AC7}.Debug|x64.Build.0 = Debug|x64
		{1571ED27-BBDE-4B17-B80B-0DA350770AC7}.Release|Any CPU.ActiveCfg = Release|Any CPU
		{1571ED27-BBDE-4B17-B80B-0DA350770AC7}.Release|Any CPU.Build.0 = Release|Any CPU
		{1571ED27-BBDE-4B17-B80B-0DA350770AC7}.Release|x64.ActiveCfg = Release|x64
		{1571ED27-BBDE-4B17-B80B-0DA350770AC7}.Release|x64.Build.0 = Release|x64
		{8F652395-AB15-4EBE-B73C-8FCD8B8A9646}.Debug|Any CPU.ActiveCfg = Debug|Any CPU
		{8F652395-AB15-4EBE-B73C-8FCD8B8A9646}.Debug|Any CPU.Build.0 = Debug|Any CPU
		{8F652395-AB15-4EBE-B73C-8FCD8B8A9646}.Debug|x64.ActiveCfg = Debug|x64
		{8F652395-AB15-4EBE-B73C-8FCD8B8A9646}.Debug|x64.Build.0 = Debug|x64
		{8F652395-AB15-4EBE-B73C-8FCD8B8A9646}.Release|Any CPU.ActiveCfg = Release|Any CPU
		{8F652395-AB15-4EBE-B73C-8FCD8B8A9646}.Release|Any CPU.Build.0 = Release|Any CPU
		{8F652395-AB15-4EBE-B73C-8FCD8B8A9646}.Release|x64.ActiveCfg = Release|x64
		{8F652395-AB15-4EBE-B73C-8FCD8B8A9646}.Release|x64.Build.0 = Release|x64
		{4E44CDC9-54CC-41C7-ABEC-00EAEAAB623A}.Debug|Any CPU.ActiveCfg = Debug|Any CPU
		{4E44CDC9-54CC-41C7-ABEC-00EAEAAB623A}.Debug|Any CPU.Build.0 = Debug|Any CPU
		{4E44CDC9-54CC-41C7-ABEC-00EAEAAB623A}.Debug|x64.ActiveCfg = Debug|x64
		{4E44CDC9-54CC-41C7-ABEC-00EAEAAB623A}.Debug|x64.Build.0 = Debug|x64
		{4E44CDC9-54CC-41C7-ABEC-00EAEAAB623A}.Release|Any CPU.ActiveCfg = Release|Any CPU
		{4E44CDC9-54CC-41C7-ABEC-00EAEAAB623A}.Release|Any CPU.Build.0 = Release|Any CPU
		{4E44CDC9-54CC-41C7-ABEC-00EAEAAB623A}.Release|x64.ActiveCfg = Release|x64
		{4E44CDC9-54CC-41C7-ABEC-00EAEAAB623A}.Release|x64.Build.0 = Release|x64
		{00D0CD0D-D674-483F-AE92-E9B27E7FB6F9}.Debug|Any CPU.ActiveCfg = Debug|Any CPU
		{00D0CD0D-D674-483F-AE92-E9B27E7FB6F9}.Debug|Any CPU.Build.0 = Debug|Any CPU
		{00D0CD0D-D674-483F-AE92-E9B27E7FB6F9}.Debug|x64.ActiveCfg = Debug|x64
		{00D0CD0D-D674-483F-AE92-E9B27E7FB6F9}.Debug|x64.Build.0 = Debug|x64
		{00D0CD0D-D674-483F-AE92-E9B27E7FB6F9}.Release|Any CPU.ActiveCfg = Release|Any CPU
		{00D0CD0D-D674-483F-AE92-E9B27E7FB6F9}.Release|Any CPU.Build.0 = Release|Any CPU
		{00D0CD0D-D674-483F-AE92-E9B27E7FB6F9}.Release|x64.ActiveCfg = Release|x64
		{00D0CD0D-D674-483F-AE92-E9B27E7FB6F9}.Release|x64.Build.0 = Release|x64
		{07B8E881-70A6-4AA2-B342-6E0B80326F6A}.Debug|Any CPU.ActiveCfg = Debug|Any CPU
		{07B8E881-70A6-4AA2-B342-6E0B80326F6A}.Debug|Any CPU.Build.0 = Debug|Any CPU
		{07B8E881-70A6-4AA2-B342-6E0B80326F6A}.Debug|x64.ActiveCfg = Debug|x64
		{07B8E881-70A6-4AA2-B342-6E0B80326F6A}.Debug|x64.Build.0 = Debug|x64
		{07B8E881-70A6-4AA2-B342-6E0B80326F6A}.Release|Any CPU.ActiveCfg = Release|Any CPU
		{07B8E881-70A6-4AA2-B342-6E0B80326F6A}.Release|Any CPU.Build.0 = Release|Any CPU
		{07B8E881-70A6-4AA2-B342-6E0B80326F6A}.Release|x64.ActiveCfg = Release|x64
		{07B8E881-70A6-4AA2-B342-6E0B80326F6A}.Release|x64.Build.0 = Release|x64
		{CE39DFB1-2C80-452F-A799-ABC878773B1D}.Debug|Any CPU.ActiveCfg = Debug|Any CPU
		{CE39DFB1-2C80-452F-A799-ABC878773B1D}.Debug|Any CPU.Build.0 = Debug|Any CPU
		{CE39DFB1-2C80-452F-A799-ABC878773B1D}.Debug|x64.ActiveCfg = Debug|x64
		{CE39DFB1-2C80-452F-A799-ABC878773B1D}.Debug|x64.Build.0 = Debug|x64
		{CE39DFB1-2C80-452F-A799-ABC878773B1D}.Release|Any CPU.ActiveCfg = Release|Any CPU
		{CE39DFB1-2C80-452F-A799-ABC878773B1D}.Release|Any CPU.Build.0 = Release|Any CPU
		{CE39DFB1-2C80-452F-A799-ABC878773B1D}.Release|x64.ActiveCfg = Release|x64
		{CE39DFB1-2C80-452F-A799-ABC878773B1D}.Release|x64.Build.0 = Release|x64
		{08D56345-4689-4DB3-9BCD-33D7F7AEDA1B}.Debug|Any CPU.ActiveCfg = Debug|Any CPU
		{08D56345-4689-4DB3-9BCD-33D7F7AEDA1B}.Debug|Any CPU.Build.0 = Debug|Any CPU
		{08D56345-4689-4DB3-9BCD-33D7F7AEDA1B}.Debug|x64.ActiveCfg = Debug|x64
		{08D56345-4689-4DB3-9BCD-33D7F7AEDA1B}.Debug|x64.Build.0 = Debug|x64
		{08D56345-4689-4DB3-9BCD-33D7F7AEDA1B}.Release|Any CPU.ActiveCfg = Release|Any CPU
		{08D56345-4689-4DB3-9BCD-33D7F7AEDA1B}.Release|Any CPU.Build.0 = Release|Any CPU
		{08D56345-4689-4DB3-9BCD-33D7F7AEDA1B}.Release|x64.ActiveCfg = Release|x64
		{08D56345-4689-4DB3-9BCD-33D7F7AEDA1B}.Release|x64.Build.0 = Release|x64
		{B4EB0056-BF94-4017-BD15-1A02C7319923}.Debug|Any CPU.ActiveCfg = Debug|Any CPU
		{B4EB0056-BF94-4017-BD15-1A02C7319923}.Debug|Any CPU.Build.0 = Debug|Any CPU
		{B4EB0056-BF94-4017-BD15-1A02C7319923}.Debug|x64.ActiveCfg = Debug|x64
		{B4EB0056-BF94-4017-BD15-1A02C7319923}.Debug|x64.Build.0 = Debug|x64
		{B4EB0056-BF94-4017-BD15-1A02C7319923}.Release|Any CPU.ActiveCfg = Release|Any CPU
		{B4EB0056-BF94-4017-BD15-1A02C7319923}.Release|Any CPU.Build.0 = Release|Any CPU
		{B4EB0056-BF94-4017-BD15-1A02C7319923}.Release|x64.ActiveCfg = Release|x64
		{B4EB0056-BF94-4017-BD15-1A02C7319923}.Release|x64.Build.0 = Release|x64
	EndGlobalSection
	GlobalSection(SolutionProperties) = preSolution
		HideSolutionNode = FALSE
	EndGlobalSection
	GlobalSection(NestedProjects) = preSolution
		{B9BACBD8-E99B-431C-8596-591F54385D9C} = {F532F9FC-653B-4C76-A74B-0C6980A24635}
		{9C406901-AF7F-4E65-8C24-231ED29FBF1E} = {217190B4-0A19-4B85-8131-2EF3984BA669}
		{C4FCBD59-517D-4CB1-8260-D1587D13AC3D} = {217190B4-0A19-4B85-8131-2EF3984BA669}
		{7DA350E5-5713-443F-A9D6-61A45600D8A5} = {217190B4-0A19-4B85-8131-2EF3984BA669}
		{C8E5C1A1-48B7-4CE9-BB70-1BF2781E2EE6} = {99C697D2-CC6C-4232-8AB9-5059BFBC7579}
		{69CA3091-F9D2-4926-B115-8A8794DB9F9A} = {99C697D2-CC6C-4232-8AB9-5059BFBC7579}
		{6D20CF17-A502-4A3C-B1CD-73345D3A7147} = {99C697D2-CC6C-4232-8AB9-5059BFBC7579}
		{5E957C22-AF54-4AE7-BB29-E6C0EE05B348} = {99C697D2-CC6C-4232-8AB9-5059BFBC7579}
		{310D54CB-E336-4F67-B39E-0D4EA4E9D2FA} = {99C697D2-CC6C-4232-8AB9-5059BFBC7579}
		{1571ED27-BBDE-4B17-B80B-0DA350770AC7} = {99C697D2-CC6C-4232-8AB9-5059BFBC7579}
		{8F652395-AB15-4EBE-B73C-8FCD8B8A9646} = {99C697D2-CC6C-4232-8AB9-5059BFBC7579}
		{4E44CDC9-54CC-41C7-ABEC-00EAEAAB623A} = {99C697D2-CC6C-4232-8AB9-5059BFBC7579}
		{00D0CD0D-D674-483F-AE92-E9B27E7FB6F9} = {99C697D2-CC6C-4232-8AB9-5059BFBC7579}
		{07B8E881-70A6-4AA2-B342-6E0B80326F6A} = {99C697D2-CC6C-4232-8AB9-5059BFBC7579}
		{CE39DFB1-2C80-452F-A799-ABC878773B1D} = {B727E6A0-4AEF-42D9-9DAA-81A7AB782ED0}
		{08D56345-4689-4DB3-9BCD-33D7F7AEDA1B} = {B727E6A0-4AEF-42D9-9DAA-81A7AB782ED0}
		{B4EB0056-BF94-4017-BD15-1A02C7319923} = {99C697D2-CC6C-4232-8AB9-5059BFBC7579}
	EndGlobalSection
	GlobalSection(ExtensibilityGlobals) = postSolution
		SolutionGuid = {9775B341-28FF-4C0F-8B12-DBECE1B4FE23}
	EndGlobalSection
EndGlobal
