
Microsoft Visual Studio Solution File, Format Version 12.00
# Visual Studio Version 16
VisualStudioVersion = 16.0.28803.202
MinimumVisualStudioVersion = 10.0.40219.1
Project("{FAE04EC0-301F-11D3-BF4B-00C04F79EFBC}") = "Macabre2D.Tests", "Tests\Macabre2D.Tests.csproj", "{B9BACBD8-E99B-431C-8596-591F54385D9C}"
EndProject
Project("{2150E333-8FDC-42A3-9474-1A3956D46DE8}") = "Examples", "Examples", "{217190B4-0A19-4B85-8131-2EF3984BA669}"
EndProject
Project("{FAE04EC0-301F-11D3-BF4B-00C04F79EFBC}") = "Macabre2D.Examples.PhysicsTest", "Examples\PhysicsTest\Macabre2D.Examples.PhysicsTest.csproj", "{7DA350E5-5713-443F-A9D6-61A45600D8A5}"
EndProject
Project("{9A19103F-16F7-4668-BE54-9A1E7A4F7556}") = "Macabre2D.Framework", "Framework\Macabre2D.Framework.csproj", "{D5B27B29-00A8-40A7-9911-46C84EBC7F37}"
EndProject
Project("{2150E333-8FDC-42A3-9474-1A3956D46DE8}") = "Solution Items", "Solution Items", "{E0EE4DB8-990E-4017-A424-E1C0EB560BEB}"
	ProjectSection(SolutionItems) = preProject
		.gitattributes = .gitattributes
		.gitignore = .gitignore
		CHANGELOG.md = CHANGELOG.md
		CommonAssemblyInfo.cs = CommonAssemblyInfo.cs
		LICENSE = LICENSE
		README.md = README.md
	EndProjectSection
EndProject
Project("{2150E333-8FDC-42A3-9474-1A3956D46DE8}") = "Project", "Project", "{B727E6A0-4AEF-42D9-9DAA-81A7AB782ED0}"
EndProject
Project("{9A19103F-16F7-4668-BE54-9A1E7A4F7556}") = "Macabre2D.Project.Gameplay", "Project\Gameplay\Macabre2D.Project.Gameplay.csproj", "{CE39DFB1-2C80-452F-A799-ABC878773B1D}"
EndProject
Project("{FAE04EC0-301F-11D3-BF4B-00C04F79EFBC}") = "Macabre2D.Project.DesktopGL", "Project\DesktopGL\Macabre2D.Project.DesktopGL.csproj", "{08D56345-4689-4DB3-9BCD-33D7F7AEDA1B}"
EndProject
Project("{FAE04EC0-301F-11D3-BF4B-00C04F79EFBC}") = "Macabre2D.UI.Resources", "UI\Resources\Macabre2D.UI.Resources.csproj", "{310D54CB-E336-4F67-B39E-0D4EA4E9D2FA}"
EndProject
Project("{FAE04EC0-301F-11D3-BF4B-00C04F79EFBC}") = "Macabre2D.UI.CommonLibrary", "UI\CommonLibrary\Macabre2D.UI.CommonLibrary.csproj", "{07B8E881-70A6-4AA2-B342-6E0B80326F6A}"
EndProject
Project("{FAE04EC0-301F-11D3-BF4B-00C04F79EFBC}") = "Macabre2D.UI.GameEditor", "UI\GameEditor\Macabre2D.UI.GameEditor.csproj", "{C8E5C1A1-48B7-4CE9-BB70-1BF2781E2EE6}"
EndProject
Project("{2150E333-8FDC-42A3-9474-1A3956D46DE8}") = "UI", "UI", "{357EBB18-5593-43D0-9FA2-DC1933CEE8BD}"
EndProject
Project("{9A19103F-16F7-4668-BE54-9A1E7A4F7556}") = "Macabre2D.UI.MonoGameIntegration", "UI\MonoGameIntegration\Macabre2D.UI.MonoGameIntegration.csproj", "{E3E80D77-F56C-4AA3-9124-7F6211E4F952}"
EndProject
Project("{FAE04EC0-301F-11D3-BF4B-00C04F79EFBC}") = "Macabre2D.UI.CosmicSynth", "UI\CosmicSynth\Macabre2D.UI.CosmicSynth.csproj", "{ABC7F524-FA15-4CC2-A4CD-8FA91BF984F0}"
EndProject
Project("{FAE04EC0-301F-11D3-BF4B-00C04F79EFBC}") = "Macabre2D.Intermediary.DesktopGL", "Intermediary\DesktopGL\Macabre2D.Intermediary.DesktopGL.csproj", "{2670A2A4-7DB0-4A31-B23C-C332D9289DFC}"
EndProject
Project("{2150E333-8FDC-42A3-9474-1A3956D46DE8}") = "Intermediary", "Intermediary", "{5B3501DB-CD7B-4388-8714-22D0B17618D7}"
EndProject
Project("{FAE04EC0-301F-11D3-BF4B-00C04F79EFBC}") = "Macabre2D.Examples.MultiPlatformTest", "Examples\MultiPlatformTest\Macabre2D.Examples.MultiPlatformTest.csproj", "{96B72D57-4A97-4D30-A3FE-35DCA47D6BF7}"
EndProject
Project("{FAE04EC0-301F-11D3-BF4B-00C04F79EFBC}") = "Macabre2D.UI.GameEditorLibrary", "UI\GameEditorLibrary\Macabre2D.UI.GameEditorLibrary.csproj", "{45FEC098-23F5-44C6-A554-E2BCA7056DC7}"
EndProject
Global
	GlobalSection(SolutionConfigurationPlatforms) = preSolution
		Debug|Any CPU = Debug|Any CPU
		Debug|x64 = Debug|x64
		Release|Any CPU = Release|Any CPU
		Release|x64 = Release|x64
	EndGlobalSection
	GlobalSection(ProjectConfigurationPlatforms) = postSolution
		{B9BACBD8-E99B-431C-8596-591F54385D9C}.Debug|Any CPU.ActiveCfg = Debug|Any CPU
		{B9BACBD8-E99B-431C-8596-591F54385D9C}.Debug|Any CPU.Build.0 = Debug|Any CPU
		{B9BACBD8-E99B-431C-8596-591F54385D9C}.Debug|x64.ActiveCfg = Debug|x64
		{B9BACBD8-E99B-431C-8596-591F54385D9C}.Debug|x64.Build.0 = Debug|x64
		{B9BACBD8-E99B-431C-8596-591F54385D9C}.Release|Any CPU.ActiveCfg = Release|Any CPU
		{B9BACBD8-E99B-431C-8596-591F54385D9C}.Release|x64.ActiveCfg = Release|x64
		{B9BACBD8-E99B-431C-8596-591F54385D9C}.Release|x64.Build.0 = Release|x64
		{7DA350E5-5713-443F-A9D6-61A45600D8A5}.Debug|Any CPU.ActiveCfg = Debug|Any CPU
		{7DA350E5-5713-443F-A9D6-61A45600D8A5}.Debug|Any CPU.Build.0 = Debug|Any CPU
		{7DA350E5-5713-443F-A9D6-61A45600D8A5}.Debug|x64.ActiveCfg = Debug|x64
		{7DA350E5-5713-443F-A9D6-61A45600D8A5}.Debug|x64.Build.0 = Debug|x64
		{7DA350E5-5713-443F-A9D6-61A45600D8A5}.Release|Any CPU.ActiveCfg = Release|Any CPU
		{7DA350E5-5713-443F-A9D6-61A45600D8A5}.Release|x64.ActiveCfg = Release|x64
		{7DA350E5-5713-443F-A9D6-61A45600D8A5}.Release|x64.Build.0 = Release|x64
		{D5B27B29-00A8-40A7-9911-46C84EBC7F37}.Debug|Any CPU.ActiveCfg = Debug|Any CPU
		{D5B27B29-00A8-40A7-9911-46C84EBC7F37}.Debug|Any CPU.Build.0 = Debug|Any CPU
		{D5B27B29-00A8-40A7-9911-46C84EBC7F37}.Debug|x64.ActiveCfg = Debug|Any CPU
		{D5B27B29-00A8-40A7-9911-46C84EBC7F37}.Debug|x64.Build.0 = Debug|Any CPU
		{D5B27B29-00A8-40A7-9911-46C84EBC7F37}.Release|Any CPU.ActiveCfg = Release|Any CPU
		{D5B27B29-00A8-40A7-9911-46C84EBC7F37}.Release|Any CPU.Build.0 = Release|Any CPU
		{D5B27B29-00A8-40A7-9911-46C84EBC7F37}.Release|x64.ActiveCfg = Release|Any CPU
		{D5B27B29-00A8-40A7-9911-46C84EBC7F37}.Release|x64.Build.0 = Release|Any CPU
		{CE39DFB1-2C80-452F-A799-ABC878773B1D}.Debug|Any CPU.ActiveCfg = Debug|Any CPU
		{CE39DFB1-2C80-452F-A799-ABC878773B1D}.Debug|Any CPU.Build.0 = Debug|Any CPU
		{CE39DFB1-2C80-452F-A799-ABC878773B1D}.Debug|x64.ActiveCfg = Debug|Any CPU
		{CE39DFB1-2C80-452F-A799-ABC878773B1D}.Debug|x64.Build.0 = Debug|Any CPU
		{CE39DFB1-2C80-452F-A799-ABC878773B1D}.Release|Any CPU.ActiveCfg = Release|Any CPU
		{CE39DFB1-2C80-452F-A799-ABC878773B1D}.Release|Any CPU.Build.0 = Release|Any CPU
		{CE39DFB1-2C80-452F-A799-ABC878773B1D}.Release|x64.ActiveCfg = Release|Any CPU
		{CE39DFB1-2C80-452F-A799-ABC878773B1D}.Release|x64.Build.0 = Release|Any CPU
		{08D56345-4689-4DB3-9BCD-33D7F7AEDA1B}.Debug|Any CPU.ActiveCfg = Debug|Any CPU
		{08D56345-4689-4DB3-9BCD-33D7F7AEDA1B}.Debug|Any CPU.Build.0 = Debug|Any CPU
		{08D56345-4689-4DB3-9BCD-33D7F7AEDA1B}.Debug|x64.ActiveCfg = Debug|Any CPU
		{08D56345-4689-4DB3-9BCD-33D7F7AEDA1B}.Debug|x64.Build.0 = Debug|Any CPU
		{08D56345-4689-4DB3-9BCD-33D7F7AEDA1B}.Release|Any CPU.ActiveCfg = Release|Any CPU
		{08D56345-4689-4DB3-9BCD-33D7F7AEDA1B}.Release|Any CPU.Build.0 = Release|Any CPU
		{08D56345-4689-4DB3-9BCD-33D7F7AEDA1B}.Release|x64.ActiveCfg = Release|Any CPU
		{08D56345-4689-4DB3-9BCD-33D7F7AEDA1B}.Release|x64.Build.0 = Release|Any CPU
		{310D54CB-E336-4F67-B39E-0D4EA4E9D2FA}.Debug|Any CPU.ActiveCfg = Debug|Any CPU
		{310D54CB-E336-4F67-B39E-0D4EA4E9D2FA}.Debug|Any CPU.Build.0 = Debug|Any CPU
		{310D54CB-E336-4F67-B39E-0D4EA4E9D2FA}.Debug|x64.ActiveCfg = Debug|x64
		{310D54CB-E336-4F67-B39E-0D4EA4E9D2FA}.Debug|x64.Build.0 = Debug|x64
		{310D54CB-E336-4F67-B39E-0D4EA4E9D2FA}.Release|Any CPU.ActiveCfg = Release|Any CPU
		{310D54CB-E336-4F67-B39E-0D4EA4E9D2FA}.Release|Any CPU.Build.0 = Release|Any CPU
		{310D54CB-E336-4F67-B39E-0D4EA4E9D2FA}.Release|x64.ActiveCfg = Release|x64
		{310D54CB-E336-4F67-B39E-0D4EA4E9D2FA}.Release|x64.Build.0 = Release|x64
		{07B8E881-70A6-4AA2-B342-6E0B80326F6A}.Debug|Any CPU.ActiveCfg = Debug|Any CPU
		{07B8E881-70A6-4AA2-B342-6E0B80326F6A}.Debug|Any CPU.Build.0 = Debug|Any CPU
		{07B8E881-70A6-4AA2-B342-6E0B80326F6A}.Debug|x64.ActiveCfg = Debug|x64
		{07B8E881-70A6-4AA2-B342-6E0B80326F6A}.Debug|x64.Build.0 = Debug|x64
		{07B8E881-70A6-4AA2-B342-6E0B80326F6A}.Release|Any CPU.ActiveCfg = Release|Any CPU
		{07B8E881-70A6-4AA2-B342-6E0B80326F6A}.Release|Any CPU.Build.0 = Release|Any CPU
		{07B8E881-70A6-4AA2-B342-6E0B80326F6A}.Release|x64.ActiveCfg = Release|x64
		{07B8E881-70A6-4AA2-B342-6E0B80326F6A}.Release|x64.Build.0 = Release|x64
		{C8E5C1A1-48B7-4CE9-BB70-1BF2781E2EE6}.Debug|Any CPU.ActiveCfg = Debug|x64
		{C8E5C1A1-48B7-4CE9-BB70-1BF2781E2EE6}.Debug|Any CPU.Build.0 = Debug|x64
		{C8E5C1A1-48B7-4CE9-BB70-1BF2781E2EE6}.Debug|x64.ActiveCfg = Debug|x64
		{C8E5C1A1-48B7-4CE9-BB70-1BF2781E2EE6}.Debug|x64.Build.0 = Debug|x64
		{C8E5C1A1-48B7-4CE9-BB70-1BF2781E2EE6}.Release|Any CPU.ActiveCfg = Release|x64
		{C8E5C1A1-48B7-4CE9-BB70-1BF2781E2EE6}.Release|Any CPU.Build.0 = Release|x64
		{C8E5C1A1-48B7-4CE9-BB70-1BF2781E2EE6}.Release|x64.ActiveCfg = Release|x64
		{C8E5C1A1-48B7-4CE9-BB70-1BF2781E2EE6}.Release|x64.Build.0 = Release|x64
		{E3E80D77-F56C-4AA3-9124-7F6211E4F952}.Debug|Any CPU.ActiveCfg = Debug|Any CPU
		{E3E80D77-F56C-4AA3-9124-7F6211E4F952}.Debug|Any CPU.Build.0 = Debug|Any CPU
		{E3E80D77-F56C-4AA3-9124-7F6211E4F952}.Debug|x64.ActiveCfg = Debug|Any CPU
		{E3E80D77-F56C-4AA3-9124-7F6211E4F952}.Debug|x64.Build.0 = Debug|Any CPU
		{E3E80D77-F56C-4AA3-9124-7F6211E4F952}.Release|Any CPU.ActiveCfg = Release|Any CPU
		{E3E80D77-F56C-4AA3-9124-7F6211E4F952}.Release|Any CPU.Build.0 = Release|Any CPU
		{E3E80D77-F56C-4AA3-9124-7F6211E4F952}.Release|x64.ActiveCfg = Release|Any CPU
		{E3E80D77-F56C-4AA3-9124-7F6211E4F952}.Release|x64.Build.0 = Release|Any CPU
		{ABC7F524-FA15-4CC2-A4CD-8FA91BF984F0}.Debug|Any CPU.ActiveCfg = Debug|x64
		{ABC7F524-FA15-4CC2-A4CD-8FA91BF984F0}.Debug|Any CPU.Build.0 = Debug|x64
		{ABC7F524-FA15-4CC2-A4CD-8FA91BF984F0}.Debug|x64.ActiveCfg = Debug|x64
		{ABC7F524-FA15-4CC2-A4CD-8FA91BF984F0}.Debug|x64.Build.0 = Debug|x64
		{ABC7F524-FA15-4CC2-A4CD-8FA91BF984F0}.Release|Any CPU.ActiveCfg = Release|x64
		{ABC7F524-FA15-4CC2-A4CD-8FA91BF984F0}.Release|Any CPU.Build.0 = Release|x64
		{ABC7F524-FA15-4CC2-A4CD-8FA91BF984F0}.Release|x64.ActiveCfg = Release|x64
		{ABC7F524-FA15-4CC2-A4CD-8FA91BF984F0}.Release|x64.Build.0 = Release|x64
		{2670A2A4-7DB0-4A31-B23C-C332D9289DFC}.Debug|Any CPU.ActiveCfg = Debug|Any CPU
		{2670A2A4-7DB0-4A31-B23C-C332D9289DFC}.Debug|Any CPU.Build.0 = Debug|Any CPU
		{2670A2A4-7DB0-4A31-B23C-C332D9289DFC}.Debug|x64.ActiveCfg = Debug|Any CPU
		{2670A2A4-7DB0-4A31-B23C-C332D9289DFC}.Debug|x64.Build.0 = Debug|Any CPU
		{2670A2A4-7DB0-4A31-B23C-C332D9289DFC}.Release|Any CPU.ActiveCfg = Release|Any CPU
		{2670A2A4-7DB0-4A31-B23C-C332D9289DFC}.Release|Any CPU.Build.0 = Release|Any CPU
		{2670A2A4-7DB0-4A31-B23C-C332D9289DFC}.Release|x64.ActiveCfg = Release|Any CPU
		{2670A2A4-7DB0-4A31-B23C-C332D9289DFC}.Release|x64.Build.0 = Release|Any CPU
		{96B72D57-4A97-4D30-A3FE-35DCA47D6BF7}.Debug|Any CPU.ActiveCfg = Debug|Any CPU
		{96B72D57-4A97-4D30-A3FE-35DCA47D6BF7}.Debug|Any CPU.Build.0 = Debug|Any CPU
		{96B72D57-4A97-4D30-A3FE-35DCA47D6BF7}.Debug|x64.ActiveCfg = Debug|Any CPU
		{96B72D57-4A97-4D30-A3FE-35DCA47D6BF7}.Release|Any CPU.ActiveCfg = Release|Any CPU
		{96B72D57-4A97-4D30-A3FE-35DCA47D6BF7}.Release|x64.ActiveCfg = Release|Any CPU
		{45FEC098-23F5-44C6-A554-E2BCA7056DC7}.Debug|Any CPU.ActiveCfg = Debug|Any CPU
		{45FEC098-23F5-44C6-A554-E2BCA7056DC7}.Debug|Any CPU.Build.0 = Debug|Any CPU
		{45FEC098-23F5-44C6-A554-E2BCA7056DC7}.Debug|x64.ActiveCfg = Debug|Any CPU
		{45FEC098-23F5-44C6-A554-E2BCA7056DC7}.Debug|x64.Build.0 = Debug|Any CPU
		{45FEC098-23F5-44C6-A554-E2BCA7056DC7}.Release|Any CPU.ActiveCfg = Release|Any CPU
		{45FEC098-23F5-44C6-A554-E2BCA7056DC7}.Release|Any CPU.Build.0 = Release|Any CPU
		{45FEC098-23F5-44C6-A554-E2BCA7056DC7}.Release|x64.ActiveCfg = Release|Any CPU
		{45FEC098-23F5-44C6-A554-E2BCA7056DC7}.Release|x64.Build.0 = Release|Any CPU
	EndGlobalSection
	GlobalSection(SolutionProperties) = preSolution
		HideSolutionNode = FALSE
	EndGlobalSection
	GlobalSection(NestedProjects) = preSolution
		{7DA350E5-5713-443F-A9D6-61A45600D8A5} = {217190B4-0A19-4B85-8131-2EF3984BA669}
		{CE39DFB1-2C80-452F-A799-ABC878773B1D} = {B727E6A0-4AEF-42D9-9DAA-81A7AB782ED0}
		{08D56345-4689-4DB3-9BCD-33D7F7AEDA1B} = {B727E6A0-4AEF-42D9-9DAA-81A7AB782ED0}
		{310D54CB-E336-4F67-B39E-0D4EA4E9D2FA} = {357EBB18-5593-43D0-9FA2-DC1933CEE8BD}
		{07B8E881-70A6-4AA2-B342-6E0B80326F6A} = {357EBB18-5593-43D0-9FA2-DC1933CEE8BD}
		{C8E5C1A1-48B7-4CE9-BB70-1BF2781E2EE6} = {357EBB18-5593-43D0-9FA2-DC1933CEE8BD}
		{E3E80D77-F56C-4AA3-9124-7F6211E4F952} = {357EBB18-5593-43D0-9FA2-DC1933CEE8BD}
		{ABC7F524-FA15-4CC2-A4CD-8FA91BF984F0} = {357EBB18-5593-43D0-9FA2-DC1933CEE8BD}
		{2670A2A4-7DB0-4A31-B23C-C332D9289DFC} = {5B3501DB-CD7B-4388-8714-22D0B17618D7}
		{96B72D57-4A97-4D30-A3FE-35DCA47D6BF7} = {217190B4-0A19-4B85-8131-2EF3984BA669}
		{45FEC098-23F5-44C6-A554-E2BCA7056DC7} = {357EBB18-5593-43D0-9FA2-DC1933CEE8BD}
	EndGlobalSection
	GlobalSection(ExtensibilityGlobals) = postSolution
		SolutionGuid = {9775B341-28FF-4C0F-8B12-DBECE1B4FE23}
	EndGlobalSection
EndGlobal
