
Microsoft Visual Studio Solution File, Format Version 12.00
# Visual Studio Version 16
VisualStudioVersion = 16.0.28803.202
MinimumVisualStudioVersion = 10.0.40219.1
Project("{9A19103F-16F7-4668-BE54-9A1E7A4F7556}") = "Macabre2D.Framework", "Framework\Macabre2D.Framework.csproj", "{D5B27B29-00A8-40A7-9911-46C84EBC7F37}"
EndProject
Project("{2150E333-8FDC-42A3-9474-1A3956D46DE8}") = "Solution Items", "Solution Items", "{E0EE4DB8-990E-4017-A424-E1C0EB560BEB}"
	ProjectSection(SolutionItems) = preProject
		.editorconfig = .editorconfig
		.gitattributes = .gitattributes
		.gitignore = .gitignore
		CHANGELOG.md = CHANGELOG.md
		LICENSE = LICENSE
		README.md = README.md
	EndProjectSection
EndProject
Project("{2150E333-8FDC-42A3-9474-1A3956D46DE8}") = "Samples", "Samples", "{DAAC3CC7-B1C0-4009-84EF-DF6707EA216F}"
EndProject
Project("{9A19103F-16F7-4668-BE54-9A1E7A4F7556}") = "Macabre2D.Samples.Physics", "Samples\Physics\Macabre2D.Samples.Physics.csproj", "{08E20FF4-8DA5-43C6-BDCC-74B292390B8F}"
EndProject
Project("{9A19103F-16F7-4668-BE54-9A1E7A4F7556}") = "Macabre2D.Samples.Content", "Samples\Content\Macabre2D.Samples.Content.csproj", "{40392200-CB1C-45DA-86D4-9E5ADB48975F}"
EndProject
Project("{9A19103F-16F7-4668-BE54-9A1E7A4F7556}") = "Macabre2D.Tests", "Tests\Macabre2D.Tests.csproj", "{24A0BAE5-1C52-416E-880A-C2440FF063D0}"
EndProject
Project("{9A19103F-16F7-4668-BE54-9A1E7A4F7556}") = "Macabre2D.Editor.AvaloniaInterop", "Editor\AvaloniaInterop\Macabre2D.Editor.AvaloniaInterop.csproj", "{96987098-E920-47E7-A2CF-CC25A1C97F2A}"
EndProject
Project("{9A19103F-16F7-4668-BE54-9A1E7A4F7556}") = "Macabre2D.Samples.AvaloniaWindow", "Samples\AvaloniaWindow\Macabre2D.Samples.AvaloniaWindow.csproj", "{DE26FED5-C0BE-46C3-8426-890B71CABCE5}"
EndProject
Project("{2150E333-8FDC-42A3-9474-1A3956D46DE8}") = "Editor", "Editor", "{286A8E80-F4CC-4212-B9BD-54FCC61B7F8F}"
EndProject
Project("{9A19103F-16F7-4668-BE54-9A1E7A4F7556}") = "Macabre2D.Editor.Framework", "Editor\Framework\Macabre2D.Editor.Framework.csproj", "{A3560F2F-786D-4A53-A2A2-3A6CCE1C891C}"
EndProject
Project("{9A19103F-16F7-4668-BE54-9A1E7A4F7556}") = "Macabre2D.Editor.UI", "Editor\UI\Macabre2D.Editor.UI.csproj", "{8F47C67E-BCA2-4131-8C58-C0BA7EC8E734}"
EndProject
Project("{2150E333-8FDC-42A3-9474-1A3956D46DE8}") = "Project", "Project", "{A707DA94-5554-4B3F-9E19-559D9EA577E9}"
EndProject
Project("{FAE04EC0-301F-11D3-BF4B-00C04F79EFBC}") = "Macabre2D.Project.Gameplay", "Project\Gameplay\Macabre2D.Project.Gameplay.csproj", "{2D5BEFF0-DB00-487B-8A97-066A8C272EAA}"
EndProject
Global
	GlobalSection(SolutionConfigurationPlatforms) = preSolution
		Debug|Any CPU = Debug|Any CPU
		Debug|x64 = Debug|x64
		Release|Any CPU = Release|Any CPU
		Release|x64 = Release|x64
	EndGlobalSection
	GlobalSection(ProjectConfigurationPlatforms) = postSolution
		{D5B27B29-00A8-40A7-9911-46C84EBC7F37}.Debug|Any CPU.ActiveCfg = Debug|Any CPU
		{D5B27B29-00A8-40A7-9911-46C84EBC7F37}.Debug|Any CPU.Build.0 = Debug|Any CPU
		{D5B27B29-00A8-40A7-9911-46C84EBC7F37}.Debug|x64.ActiveCfg = Debug|Any CPU
		{D5B27B29-00A8-40A7-9911-46C84EBC7F37}.Debug|x64.Build.0 = Debug|Any CPU
		{D5B27B29-00A8-40A7-9911-46C84EBC7F37}.Release|Any CPU.ActiveCfg = Release|Any CPU
		{D5B27B29-00A8-40A7-9911-46C84EBC7F37}.Release|Any CPU.Build.0 = Release|Any CPU
		{D5B27B29-00A8-40A7-9911-46C84EBC7F37}.Release|x64.ActiveCfg = Release|Any CPU
		{D5B27B29-00A8-40A7-9911-46C84EBC7F37}.Release|x64.Build.0 = Release|Any CPU
		{08E20FF4-8DA5-43C6-BDCC-74B292390B8F}.Debug|Any CPU.ActiveCfg = Debug|Any CPU
		{08E20FF4-8DA5-43C6-BDCC-74B292390B8F}.Debug|Any CPU.Build.0 = Debug|Any CPU
		{08E20FF4-8DA5-43C6-BDCC-74B292390B8F}.Debug|x64.ActiveCfg = Debug|Any CPU
		{08E20FF4-8DA5-43C6-BDCC-74B292390B8F}.Debug|x64.Build.0 = Debug|Any CPU
		{08E20FF4-8DA5-43C6-BDCC-74B292390B8F}.Release|Any CPU.ActiveCfg = Release|Any CPU
		{08E20FF4-8DA5-43C6-BDCC-74B292390B8F}.Release|Any CPU.Build.0 = Release|Any CPU
		{08E20FF4-8DA5-43C6-BDCC-74B292390B8F}.Release|x64.ActiveCfg = Release|Any CPU
		{08E20FF4-8DA5-43C6-BDCC-74B292390B8F}.Release|x64.Build.0 = Release|Any CPU
		{40392200-CB1C-45DA-86D4-9E5ADB48975F}.Debug|Any CPU.ActiveCfg = Debug|Any CPU
		{40392200-CB1C-45DA-86D4-9E5ADB48975F}.Debug|Any CPU.Build.0 = Debug|Any CPU
		{40392200-CB1C-45DA-86D4-9E5ADB48975F}.Debug|x64.ActiveCfg = Debug|Any CPU
		{40392200-CB1C-45DA-86D4-9E5ADB48975F}.Debug|x64.Build.0 = Debug|Any CPU
		{40392200-CB1C-45DA-86D4-9E5ADB48975F}.Release|Any CPU.ActiveCfg = Release|Any CPU
		{40392200-CB1C-45DA-86D4-9E5ADB48975F}.Release|Any CPU.Build.0 = Release|Any CPU
		{40392200-CB1C-45DA-86D4-9E5ADB48975F}.Release|x64.ActiveCfg = Release|Any CPU
		{40392200-CB1C-45DA-86D4-9E5ADB48975F}.Release|x64.Build.0 = Release|Any CPU
		{24A0BAE5-1C52-416E-880A-C2440FF063D0}.Debug|Any CPU.ActiveCfg = Debug|Any CPU
		{24A0BAE5-1C52-416E-880A-C2440FF063D0}.Debug|Any CPU.Build.0 = Debug|Any CPU
		{24A0BAE5-1C52-416E-880A-C2440FF063D0}.Debug|x64.ActiveCfg = Debug|Any CPU
		{24A0BAE5-1C52-416E-880A-C2440FF063D0}.Debug|x64.Build.0 = Debug|Any CPU
		{24A0BAE5-1C52-416E-880A-C2440FF063D0}.Release|Any CPU.ActiveCfg = Release|Any CPU
		{24A0BAE5-1C52-416E-880A-C2440FF063D0}.Release|Any CPU.Build.0 = Release|Any CPU
		{24A0BAE5-1C52-416E-880A-C2440FF063D0}.Release|x64.ActiveCfg = Release|Any CPU
		{24A0BAE5-1C52-416E-880A-C2440FF063D0}.Release|x64.Build.0 = Release|Any CPU
		{96987098-E920-47E7-A2CF-CC25A1C97F2A}.Debug|Any CPU.ActiveCfg = Debug|Any CPU
		{96987098-E920-47E7-A2CF-CC25A1C97F2A}.Debug|Any CPU.Build.0 = Debug|Any CPU
		{96987098-E920-47E7-A2CF-CC25A1C97F2A}.Debug|x64.ActiveCfg = Debug|Any CPU
		{96987098-E920-47E7-A2CF-CC25A1C97F2A}.Debug|x64.Build.0 = Debug|Any CPU
		{96987098-E920-47E7-A2CF-CC25A1C97F2A}.Release|Any CPU.ActiveCfg = Release|Any CPU
		{96987098-E920-47E7-A2CF-CC25A1C97F2A}.Release|Any CPU.Build.0 = Release|Any CPU
		{96987098-E920-47E7-A2CF-CC25A1C97F2A}.Release|x64.ActiveCfg = Release|Any CPU
		{96987098-E920-47E7-A2CF-CC25A1C97F2A}.Release|x64.Build.0 = Release|Any CPU
		{DE26FED5-C0BE-46C3-8426-890B71CABCE5}.Debug|Any CPU.ActiveCfg = Debug|Any CPU
		{DE26FED5-C0BE-46C3-8426-890B71CABCE5}.Debug|Any CPU.Build.0 = Debug|Any CPU
		{DE26FED5-C0BE-46C3-8426-890B71CABCE5}.Debug|x64.ActiveCfg = Debug|Any CPU
		{DE26FED5-C0BE-46C3-8426-890B71CABCE5}.Debug|x64.Build.0 = Debug|Any CPU
		{DE26FED5-C0BE-46C3-8426-890B71CABCE5}.Release|Any CPU.ActiveCfg = Release|Any CPU
		{DE26FED5-C0BE-46C3-8426-890B71CABCE5}.Release|Any CPU.Build.0 = Release|Any CPU
		{DE26FED5-C0BE-46C3-8426-890B71CABCE5}.Release|x64.ActiveCfg = Release|Any CPU
		{DE26FED5-C0BE-46C3-8426-890B71CABCE5}.Release|x64.Build.0 = Release|Any CPU
		{A3560F2F-786D-4A53-A2A2-3A6CCE1C891C}.Debug|Any CPU.ActiveCfg = Debug|Any CPU
		{A3560F2F-786D-4A53-A2A2-3A6CCE1C891C}.Debug|Any CPU.Build.0 = Debug|Any CPU
		{A3560F2F-786D-4A53-A2A2-3A6CCE1C891C}.Debug|x64.ActiveCfg = Debug|Any CPU
		{A3560F2F-786D-4A53-A2A2-3A6CCE1C891C}.Debug|x64.Build.0 = Debug|Any CPU
		{A3560F2F-786D-4A53-A2A2-3A6CCE1C891C}.Release|Any CPU.ActiveCfg = Release|Any CPU
		{A3560F2F-786D-4A53-A2A2-3A6CCE1C891C}.Release|Any CPU.Build.0 = Release|Any CPU
		{A3560F2F-786D-4A53-A2A2-3A6CCE1C891C}.Release|x64.ActiveCfg = Release|Any CPU
		{A3560F2F-786D-4A53-A2A2-3A6CCE1C891C}.Release|x64.Build.0 = Release|Any CPU
		{8F47C67E-BCA2-4131-8C58-C0BA7EC8E734}.Debug|Any CPU.ActiveCfg = Debug|Any CPU
		{8F47C67E-BCA2-4131-8C58-C0BA7EC8E734}.Debug|Any CPU.Build.0 = Debug|Any CPU
		{8F47C67E-BCA2-4131-8C58-C0BA7EC8E734}.Debug|x64.ActiveCfg = Debug|Any CPU
		{8F47C67E-BCA2-4131-8C58-C0BA7EC8E734}.Debug|x64.Build.0 = Debug|Any CPU
		{8F47C67E-BCA2-4131-8C58-C0BA7EC8E734}.Release|Any CPU.ActiveCfg = Release|Any CPU
		{8F47C67E-BCA2-4131-8C58-C0BA7EC8E734}.Release|Any CPU.Build.0 = Release|Any CPU
		{8F47C67E-BCA2-4131-8C58-C0BA7EC8E734}.Release|x64.ActiveCfg = Release|Any CPU
		{8F47C67E-BCA2-4131-8C58-C0BA7EC8E734}.Release|x64.Build.0 = Release|Any CPU
		{2D5BEFF0-DB00-487B-8A97-066A8C272EAA}.Debug|Any CPU.ActiveCfg = Debug|Any CPU
		{2D5BEFF0-DB00-487B-8A97-066A8C272EAA}.Debug|Any CPU.Build.0 = Debug|Any CPU
		{2D5BEFF0-DB00-487B-8A97-066A8C272EAA}.Debug|x64.ActiveCfg = Debug|Any CPU
		{2D5BEFF0-DB00-487B-8A97-066A8C272EAA}.Debug|x64.Build.0 = Debug|Any CPU
		{2D5BEFF0-DB00-487B-8A97-066A8C272EAA}.Release|Any CPU.ActiveCfg = Release|Any CPU
		{2D5BEFF0-DB00-487B-8A97-066A8C272EAA}.Release|Any CPU.Build.0 = Release|Any CPU
		{2D5BEFF0-DB00-487B-8A97-066A8C272EAA}.Release|x64.ActiveCfg = Release|Any CPU
		{2D5BEFF0-DB00-487B-8A97-066A8C272EAA}.Release|x64.Build.0 = Release|Any CPU
	EndGlobalSection
	GlobalSection(SolutionProperties) = preSolution
		HideSolutionNode = FALSE
	EndGlobalSection
	GlobalSection(NestedProjects) = preSolution
		{08E20FF4-8DA5-43C6-BDCC-74B292390B8F} = {DAAC3CC7-B1C0-4009-84EF-DF6707EA216F}
		{40392200-CB1C-45DA-86D4-9E5ADB48975F} = {DAAC3CC7-B1C0-4009-84EF-DF6707EA216F}
		{96987098-E920-47E7-A2CF-CC25A1C97F2A} = {286A8E80-F4CC-4212-B9BD-54FCC61B7F8F}
		{DE26FED5-C0BE-46C3-8426-890B71CABCE5} = {DAAC3CC7-B1C0-4009-84EF-DF6707EA216F}
		{A3560F2F-786D-4A53-A2A2-3A6CCE1C891C} = {286A8E80-F4CC-4212-B9BD-54FCC61B7F8F}
		{8F47C67E-BCA2-4131-8C58-C0BA7EC8E734} = {286A8E80-F4CC-4212-B9BD-54FCC61B7F8F}
		{2D5BEFF0-DB00-487B-8A97-066A8C272EAA} = {A707DA94-5554-4B3F-9E19-559D9EA577E9}
	EndGlobalSection
	GlobalSection(ExtensibilityGlobals) = postSolution
		SolutionGuid = {9775B341-28FF-4C0F-8B12-DBECE1B4FE23}
	EndGlobalSection
EndGlobal
