
Microsoft Visual Studio Solution File, Format Version 12.00
# Visual Studio Version 16
VisualStudioVersion = 16.0.29519.87
MinimumVisualStudioVersion = 10.0.40219.1
Project("{FAE04EC0-301F-11D3-BF4B-00C04F79EFBC}") = "Macabre2D.Project.Gameplay", "Gameplay\Macabre2D.Project.Gameplay.csproj", "{CE39DFB1-2C80-452F-A799-ABC878773B1D}"
EndProject
Project("{FAE04EC0-301F-11D3-BF4B-00C04F79EFBC}") = "Macabre2D.Project.DesktopGL", "DesktopGL\Macabre2D.Project.DesktopGL.csproj", "{08D56345-4689-4DB3-9BCD-33D7F7AEDA1B}"
EndProject
Project("{9A19103F-16F7-4668-BE54-9A1E7A4F7556}") = "Macabre2D.Framework", "..\Framework\Macabre2D.Framework.csproj", "{F604B0D7-900C-4DCA-AFD8-C3B413AF8D43}"
EndProject
Global
	GlobalSection(SolutionConfigurationPlatforms) = preSolution
		Debug|Any CPU = Debug|Any CPU
		Debug|x64 = Debug|x64
		Release|Any CPU = Release|Any CPU
		Release|x64 = Release|x64
	EndGlobalSection
	GlobalSection(ProjectConfigurationPlatforms) = postSolution
		{CE39DFB1-2C80-452F-A799-ABC878773B1D}.Debug|Any CPU.ActiveCfg = Debug|Any CPU
		{CE39DFB1-2C80-452F-A799-ABC878773B1D}.Debug|Any CPU.Build.0 = Debug|Any CPU
		{CE39DFB1-2C80-452F-A799-ABC878773B1D}.Debug|x64.ActiveCfg = Debug|x64
		{CE39DFB1-2C80-452F-A799-ABC878773B1D}.Debug|x64.Build.0 = Debug|x64
		{CE39DFB1-2C80-452F-A799-ABC878773B1D}.Release|Any CPU.ActiveCfg = Release|Any CPU
		{CE39DFB1-2C80-452F-A799-ABC878773B1D}.Release|Any CPU.Build.0 = Release|Any CPU
		{CE39DFB1-2C80-452F-A799-ABC878773B1D}.Release|x64.ActiveCfg = Release|x64
		{CE39DFB1-2C80-452F-A799-ABC878773B1D}.Release|x64.Build.0 = Release|x64
		{08D56345-4689-4DB3-9BCD-33D7F7AEDA1B}.Debug|Any CPU.ActiveCfg = Debug|Any CPU
		{08D56345-4689-4DB3-9BCD-33D7F7AEDA1B}.Debug|Any CPU.Build.0 = Debug|Any CPU
		{08D56345-4689-4DB3-9BCD-33D7F7AEDA1B}.Debug|x64.ActiveCfg = Debug|x64
		{08D56345-4689-4DB3-9BCD-33D7F7AEDA1B}.Debug|x64.Build.0 = Debug|x64
		{08D56345-4689-4DB3-9BCD-33D7F7AEDA1B}.Release|Any CPU.ActiveCfg = Release|Any CPU
		{08D56345-4689-4DB3-9BCD-33D7F7AEDA1B}.Release|Any CPU.Build.0 = Release|Any CPU
		{08D56345-4689-4DB3-9BCD-33D7F7AEDA1B}.Release|x64.ActiveCfg = Release|x64
		{08D56345-4689-4DB3-9BCD-33D7F7AEDA1B}.Release|x64.Build.0 = Release|x64
		{F604B0D7-900C-4DCA-AFD8-C3B413AF8D43}.Debug|Any CPU.ActiveCfg = Debug|Any CPU
		{F604B0D7-900C-4DCA-AFD8-C3B413AF8D43}.Debug|Any CPU.Build.0 = Debug|Any CPU
		{F604B0D7-900C-4DCA-AFD8-C3B413AF8D43}.Debug|x64.ActiveCfg = Debug|Any CPU
		{F604B0D7-900C-4DCA-AFD8-C3B413AF8D43}.Debug|x64.Build.0 = Debug|Any CPU
		{F604B0D7-900C-4DCA-AFD8-C3B413AF8D43}.Release|Any CPU.ActiveCfg = Release|Any CPU
		{F604B0D7-900C-4DCA-AFD8-C3B413AF8D43}.Release|Any CPU.Build.0 = Release|Any CPU
		{F604B0D7-900C-4DCA-AFD8-C3B413AF8D43}.Release|x64.ActiveCfg = Release|Any CPU
		{F604B0D7-900C-4DCA-AFD8-C3B413AF8D43}.Release|x64.Build.0 = Release|Any CPU
	EndGlobalSection
	GlobalSection(SolutionProperties) = preSolution
		HideSolutionNode = FALSE
	EndGlobalSection
	GlobalSection(ExtensibilityGlobals) = postSolution
		SolutionGuid = {999E74DC-63AC-474D-A06C-AF87D5023ADD}
	EndGlobalSection
EndGlobal
